
Microsoft Visual Studio Solution File, Format Version 12.00
# Visual Studio 14
VisualStudioVersion = 14.0.25123.0
MinimumVisualStudioVersion = 10.0.40219.1
Project("{FAE04EC0-301F-11D3-BF4B-00C04F79EFBC}") = "ClassLibrary1", "ClassLibrary1\ClassLibrary1.csproj", "{D7015439-677A-49B6-A726-70B409CD1962}"
EndProject
Project("{FAE04EC0-301F-11D3-BF4B-00C04F79EFBC}") = "UnitTestProject1", "UnitTestProject1\UnitTestProject1.csproj", "{5D68DC1B-EF9F-4C28-AC14-BE03793A90EE}"
EndProject
Global
	GlobalSection(SolutionConfigurationPlatforms) = preSolution
		Debug|Any CPU = Debug|Any CPU
		Release|Any CPU = Release|Any CPU
	EndGlobalSection
	GlobalSection(ProjectConfigurationPlatforms) = postSolution
		{D7015439-677A-49B6-A726-70B409CD1962}.Debug|Any CPU.ActiveCfg = Debug|Any CPU
		{D7015439-677A-49B6-A726-70B409CD1962}.Debug|Any CPU.Build.0 = Debug|Any CPU
		{D7015439-677A-49B6-A726-70B409CD1962}.Release|Any CPU.ActiveCfg = Release|Any CPU
		{D7015439-677A-49B6-A726-70B409CD1962}.Release|Any CPU.Build.0 = Release|Any CPU
		{5D68DC1B-EF9F-4C28-AC14-BE03793A90EE}.Debug|Any CPU.ActiveCfg = Debug|Any CPU
		{5D68DC1B-EF9F-4C28-AC14-BE03793A90EE}.Debug|Any CPU.Build.0 = Debug|Any CPU
		{5D68DC1B-EF9F-4C28-AC14-BE03793A90EE}.Release|Any CPU.ActiveCfg = Release|Any CPU
		{5D68DC1B-EF9F-4C28-AC14-BE03793A90EE}.Release|Any CPU.Build.0 = Release|Any CPU
	EndGlobalSection
	GlobalSection(SolutionProperties) = preSolution
		HideSolutionNode = FALSE
	EndGlobalSection
EndGlobal
